
Microsoft Visual Studio Solution File, Format Version 12.00
# Visual Studio 15
VisualStudioVersion = 15.0.26730.12
MinimumVisualStudioVersion = 10.0.40219.1
Project("{8BC9CEB8-8B4A-11D0-8D11-00A0C91BC942}") = "STEvolve", "STEvolve\STEvolve.vcxproj", "{B56EA828-1BA4-44C5-8B8E-3454C1B31356}"
EndProject
Global
	GlobalSection(SolutionConfigurationPlatforms) = preSolution
		Debug|x64 = Debug|x64
		Debug|x86 = Debug|x86
		Release|x64 = Release|x64
		Release|x86 = Release|x86
	EndGlobalSection
	GlobalSection(ProjectConfigurationPlatforms) = postSolution
		{B56EA828-1BA4-44C5-8B8E-3454C1B31356}.Debug|x64.ActiveCfg = Debug|x64
		{B56EA828-1BA4-44C5-8B8E-3454C1B31356}.Debug|x64.Build.0 = Debug|x64
		{B56EA828-1BA4-44C5-8B8E-3454C1B31356}.Debug|x86.ActiveCfg = Debug|Win32
		{B56EA828-1BA4-44C5-8B8E-3454C1B31356}.Debug|x86.Build.0 = Debug|Win32
		{B56EA828-1BA4-44C5-8B8E-3454C1B31356}.Release|x64.ActiveCfg = Release|x64
		{B56EA828-1BA4-44C5-8B8E-3454C1B31356}.Release|x64.Build.0 = Release|x64
		{B56EA828-1BA4-44C5-8B8E-3454C1B31356}.Release|x86.ActiveCfg = Release|Win32
		{B56EA828-1BA4-44C5-8B8E-3454C1B31356}.Release|x86.Build.0 = Release|Win32
	EndGlobalSection
	GlobalSection(SolutionProperties) = preSolution
		HideSolutionNode = FALSE
	EndGlobalSection
	GlobalSection(ExtensibilityGlobals) = postSolution
		SolutionGuid = {3E72F8D8-1C82-4365-BCF2-00BE8E3A13F0}
	EndGlobalSection
EndGlobal
